
Microsoft Visual Studio Solution File, Format Version 12.00
# Visual Studio 2012
Project("{FAE04EC0-301F-11D3-BF4B-00C04F79EFBC}") = "GunGame", "GunGame.csproj", "{E2547B52-F0B9-4CD0-B8D7-039115077634}"
EndProject
Global
	GlobalSection(SolutionConfigurationPlatforms) = preSolution
		Release|Any CPU = Release|Any CPU
		Debug|Any CPU = Debug|Any CPU
	EndGlobalSection
	GlobalSection(ProjectConfigurationPlatforms) = postSolution
		{E2547B52-F0B9-4CD0-B8D7-039115077634}.Release|Any CPU.ActiveCfg = Release|Any CPU
		{E2547B52-F0B9-4CD0-B8D7-039115077634}.Release|Any CPU.Build.0 = Release|Any CPU
		{E2547B52-F0B9-4CD0-B8D7-039115077634}.Debug|Any CPU.ActiveCfg = Release|Any CPU
		{E2547B52-F0B9-4CD0-B8D7-039115077634}.Debug|Any CPU.Build.0 = Release|Any CPU
	EndGlobalSection
EndGlobal
